# This file is automatically @generated by Poetry 2.1.2 and should not be changed by hand.

[[package]]
name = "latextable"
version = "1.0.1"
description = "An extension to the texttable library that exports tables directly to Latex."
optional = false
python-versions = ">=3.7"
groups = ["main"]
files = [
    {file = "latextable-1.0.1-py3-none-any.whl", hash = "sha256:3c2db035574f36ef95ed8e2ccf32d37c2f534b6f2701022c5e00f159244b8306"},
    {file = "latextable-1.0.1.tar.gz", hash = "sha256:e0d5e426f65e06c39d4b16441f027e435393bf11b40151a3aab3c706576d9ce9"},
]

[package.dependencies]
texttable = "*"

[[package]]
name = "texttable"
version = "1.7.0"
description = "module to create simple ASCII tables"
optional = false
python-versions = "*"
groups = ["main"]
files = [
    {file = "texttable-1.7.0-py2.py3-none-any.whl", hash = "sha256:72227d592c82b3d7f672731ae73e4d1f88cd8e2ef5b075a7a7f01a23a3743917"},
    {file = "texttable-1.7.0.tar.gz", hash = "sha256:2d2068fb55115807d3ac77a4ca68fa48803e84ebb0ee2340f858107a36522638"},
]

[metadata]
lock-version = "2.1"
python-versions = ">=3.13"
content-hash = "a02e53285ac6a4a5dae0b142dfbe8c80cea304c3c66e743488d0402199a63390"
